// !$*UTF8*$!
{
	archiveVersion = 1;
	classes = {
	};
	objectVersion = 46;
	objects = {

/* Begin PBXBuildFile section */
		2700383E15CA2A8E00F2320C /* CKPersistence.m in Sources */ = {isa = PBXBuildFile; fileRef = 2700383D15CA2A8E00F2320C /* CKPersistence.m */; };
		2712B39A15B26C0C00D73FEA /* background.png in Resources */ = {isa = PBXBuildFile; fileRef = 2712B39915B26C0C00D73FEA /* background.png */; };
		27138ED916378F2700694D4F /* PopoverViewController.m in Sources */ = {isa = PBXBuildFile; fileRef = 27138ED616378F2700694D4F /* PopoverViewController.m */; };
		27138EDA16378F2700694D4F /* PopoverView.m in Sources */ = {isa = PBXBuildFile; fileRef = 27138ED816378F2700694D4F /* PopoverView.m */; };
		27138EE91638CDB300694D4F /* DetailView.m in Sources */ = {isa = PBXBuildFile; fileRef = 27138EE81638CDB300694D4F /* DetailView.m */; };
		27138EEE1638CDC600694D4F /* CKInputSeparator.m in Sources */ = {isa = PBXBuildFile; fileRef = 27138EED1638CDC600694D4F /* CKInputSeparator.m */; };
		2739578D15D2344100936339 /* status.png in Resources */ = {isa = PBXBuildFile; fileRef = 2739578C15D2344100936339 /* status.png */; };
		274D907B15BB2E2D002C168A /* libChattaKit.a in Frameworks */ = {isa = PBXBuildFile; fileRef = 274D907A15BB2E2D002C168A /* libChattaKit.a */; };
		27623A1A15E0AA8B0020789D /* chatta_base.icns in Resources */ = {isa = PBXBuildFile; fileRef = 27623A1915E0AA8A0020789D /* chatta_base.icns */; };
		2774A42B15B34F9700D45B47 /* QuartzCore.framework in Frameworks */ = {isa = PBXBuildFile; fileRef = 2712B37C15B263D000D73FEA /* QuartzCore.framework */; };
		2774A49115B5139C00D45B47 /* ContactPopoverViewController.m in Sources */ = {isa = PBXBuildFile; fileRef = 2774A48F15B5139B00D45B47 /* ContactPopoverViewController.m */; };
		2774A49215B5139C00D45B47 /* ContactPopoverViewController.xib in Resources */ = {isa = PBXBuildFile; fileRef = 2774A49015B5139B00D45B47 /* ContactPopoverViewController.xib */; };
		279021F71636283E00A64F24 /* NSColor+CKAdditions.m in Sources */ = {isa = PBXBuildFile; fileRef = 279021F61636283E00A64F24 /* NSColor+CKAdditions.m */; };
		279021FC1636297D00A64F24 /* ConfigureWindowController.m in Sources */ = {isa = PBXBuildFile; fileRef = 279021F91636297D00A64F24 /* ConfigureWindowController.m */; };
		279021FD1636297D00A64F24 /* ConfigureView.m in Sources */ = {isa = PBXBuildFile; fileRef = 279021FB1636297D00A64F24 /* ConfigureView.m */; };
		2790220116362A1E00A64F24 /* CKLabel.m in Sources */ = {isa = PBXBuildFile; fileRef = 2790220016362A1E00A64F24 /* CKLabel.m */; };
		2790221016378A0900A64F24 /* light_noise.png in Resources */ = {isa = PBXBuildFile; fileRef = 2790220D16378A0900A64F24 /* light_noise.png */; };
		2790221716378BD000A64F24 /* CKTableHeaderCell.m in Sources */ = {isa = PBXBuildFile; fileRef = 2790221616378BD000A64F24 /* CKTableHeaderCell.m */; };
		2790221C16378D1800A64F24 /* CKTableRowView.m in Sources */ = {isa = PBXBuildFile; fileRef = 2790221916378D1700A64F24 /* CKTableRowView.m */; };
		2790221D16378D1800A64F24 /* CKTableCellView.m in Sources */ = {isa = PBXBuildFile; fileRef = 2790221B16378D1700A64F24 /* CKTableCellView.m */; };
		279200C115B7D50C006CC188 /* CKPhoneNumberFormatter.m in Sources */ = {isa = PBXBuildFile; fileRef = 279200C015B7D50C006CC188 /* CKPhoneNumberFormatter.m */; };
		279200C515B7D520006CC188 /* CKEmailAddressFormatter.m in Sources */ = {isa = PBXBuildFile; fileRef = 279200C415B7D520006CC188 /* CKEmailAddressFormatter.m */; };
		2792010515B9272D006CC188 /* Cookie-Regular.ttf in Resources */ = {isa = PBXBuildFile; fileRef = 2792010415B9272D006CC188 /* Cookie-Regular.ttf */; };
		2792010615B92734006CC188 /* Cookie-Regular.ttf in Copy Files */ = {isa = PBXBuildFile; fileRef = 2792010415B9272D006CC188 /* Cookie-Regular.ttf */; };
		27942F5615DF65DD00C88A30 /* chatta_new_message.wav in Resources */ = {isa = PBXBuildFile; fileRef = 27942F5515DF65DD00C88A30 /* chatta_new_message.wav */; };
		279F50891638D65B00F5DC25 /* NSFont+CKAdditions.m in Sources */ = {isa = PBXBuildFile; fileRef = 279F50881638D65B00F5DC25 /* NSFont+CKAdditions.m */; };
		27A2F3DC15B66C08000843FB /* SettingsPopoverViewController.m in Sources */ = {isa = PBXBuildFile; fileRef = 27A2F3DA15B66C08000843FB /* SettingsPopoverViewController.m */; };
		27A2F3DD15B66C08000843FB /* SettingsPopoverViewController.xib in Resources */ = {isa = PBXBuildFile; fileRef = 27A2F3DB15B66C08000843FB /* SettingsPopoverViewController.xib */; };
		27A6484715DA28B800596713 /* libtidy.dylib in Frameworks */ = {isa = PBXBuildFile; fileRef = 27A6484615DA28B800596713 /* libtidy.dylib */; };
		27AB3390163DBBEF002556DD /* NSSound+CKAdditions.m in Sources */ = {isa = PBXBuildFile; fileRef = 27AB338F163DBBEF002556DD /* NSSound+CKAdditions.m */; };
		27AB33BB163EFBA9002556DD /* dark_noise.png in Resources */ = {isa = PBXBuildFile; fileRef = 27AB33BA163EFBA9002556DD /* dark_noise.png */; };
		27AB33C3163EFDB2002556DD /* medium_noise.png in Resources */ = {isa = PBXBuildFile; fileRef = 27AB33C2163EFDB2002556DD /* medium_noise.png */; };
		27B5282415E0A01200A6EA17 /* DetailViewCacheItem.m in Sources */ = {isa = PBXBuildFile; fileRef = 27B5282315E0A01200A6EA17 /* DetailViewCacheItem.m */; };
		27BAF56215C602EC009B12F3 /* CKTableView.m in Sources */ = {isa = PBXBuildFile; fileRef = 27BAF56115C602EC009B12F3 /* CKTableView.m */; };
		27D74F3D15BE6AEF009F522A /* CKView.m in Sources */ = {isa = PBXBuildFile; fileRef = 27D74F3C15BE6AEF009F522A /* CKView.m */; };
		27D74F6115BF9624009F522A /* CKProgressIndicator.m in Sources */ = {isa = PBXBuildFile; fileRef = 27D74F6015BF9624009F522A /* CKProgressIndicator.m */; };
		27DA222915ABCBBA00CEB105 /* Cocoa.framework in Frameworks */ = {isa = PBXBuildFile; fileRef = 27DA222815ABCBBA00CEB105 /* Cocoa.framework */; };
		27DA223315ABCBBA00CEB105 /* InfoPlist.strings in Resources */ = {isa = PBXBuildFile; fileRef = 27DA223115ABCBBA00CEB105 /* InfoPlist.strings */; };
		27DA223515ABCBBA00CEB105 /* main.m in Sources */ = {isa = PBXBuildFile; fileRef = 27DA223415ABCBBA00CEB105 /* main.m */; };
		27DA223915ABCBBA00CEB105 /* Credits.rtf in Resources */ = {isa = PBXBuildFile; fileRef = 27DA223715ABCBBA00CEB105 /* Credits.rtf */; };
		27DA223C15ABCBBA00CEB105 /* AppDelegate.m in Sources */ = {isa = PBXBuildFile; fileRef = 27DA223B15ABCBBA00CEB105 /* AppDelegate.m */; };
		27DA223F15ABCBBA00CEB105 /* MainMenu.xib in Resources */ = {isa = PBXBuildFile; fileRef = 27DA223D15ABCBBA00CEB105 /* MainMenu.xib */; };
		27DA224A15ABCCB700CEB105 /* DetailViewController.m in Sources */ = {isa = PBXBuildFile; fileRef = 27DA224815ABCCB700CEB105 /* DetailViewController.m */; };
		27DA224B15ABCCB700CEB105 /* DetailViewController.xib in Resources */ = {isa = PBXBuildFile; fileRef = 27DA224915ABCCB700CEB105 /* DetailViewController.xib */; };
		27DA224F15ABCCE200CEB105 /* MasterViewController.m in Sources */ = {isa = PBXBuildFile; fileRef = 27DA224D15ABCCE200CEB105 /* MasterViewController.m */; };
		27DA225015ABCCE200CEB105 /* MasterViewController.xib in Resources */ = {isa = PBXBuildFile; fileRef = 27DA224E15ABCCE200CEB105 /* MasterViewController.xib */; };
		27DA225715ABCD3E00CEB105 /* RootWindowController.m in Sources */ = {isa = PBXBuildFile; fileRef = 27DA225615ABCD3E00CEB105 /* RootWindowController.m */; };
		27DA226515ABD34000CEB105 /* RootWindow.xib in Resources */ = {isa = PBXBuildFile; fileRef = 27DA226415ABD34000CEB105 /* RootWindow.xib */; };
		27E3F51215F0030E0060881A /* AddressBook.framework in Frameworks */ = {isa = PBXBuildFile; fileRef = 27E3F51115F0030E0060881A /* AddressBook.framework */; };
		27E95B9315D0BC34008C7D68 /* CKTextView.m in Sources */ = {isa = PBXBuildFile; fileRef = 27E95B9215D0BC34008C7D68 /* CKTextView.m */; };
		27E95B9715D0C2D5008C7D68 /* CKScrollView.m in Sources */ = {isa = PBXBuildFile; fileRef = 27E95B9615D0C2D5008C7D68 /* CKScrollView.m */; };
		27FAA82615AE7C8300C1C75E /* ConfigureViewController.m in Sources */ = {isa = PBXBuildFile; fileRef = 27FAA82415AE7C8300C1C75E /* ConfigureViewController.m */; };
		27FAA82715AE7C8300C1C75E /* ConfigureViewController.xib in Resources */ = {isa = PBXBuildFile; fileRef = 27FAA82515AE7C8300C1C75E /* ConfigureViewController.xib */; };
/* End PBXBuildFile section */

/* Begin PBXCopyFilesBuildPhase section */
		2792010215B926CB006CC188 /* Copy Files */ = {
			isa = PBXCopyFilesBuildPhase;
			buildActionMask = 2147483647;
			dstPath = Fonts;
			dstSubfolderSpec = 7;
			files = (
				2792010615B92734006CC188 /* Cookie-Regular.ttf in Copy Files */,
			);
			name = "Copy Files";
			runOnlyForDeploymentPostprocessing = 0;
		};
/* End PBXCopyFilesBuildPhase section */

/* Begin PBXFileReference section */
		2700383C15CA2A8E00F2320C /* CKPersistence.h */ = {isa = PBXFileReference; fileEncoding = 4; lastKnownFileType = sourcecode.c.h; path = CKPersistence.h; sourceTree = "<group>"; };
		2700383D15CA2A8E00F2320C /* CKPersistence.m */ = {isa = PBXFileReference; fileEncoding = 4; lastKnownFileType = sourcecode.c.objc; path = CKPersistence.m; sourceTree = "<group>"; };
		2712B37C15B263D000D73FEA /* QuartzCore.framework */ = {isa = PBXFileReference; lastKnownFileType = wrapper.framework; name = QuartzCore.framework; path = System/Library/Frameworks/QuartzCore.framework; sourceTree = SDKROOT; };
		2712B39915B26C0C00D73FEA /* background.png */ = {isa = PBXFileReference; lastKnownFileType = image.png; path = background.png; sourceTree = "<group>"; };
		27138ED516378F2700694D4F /* PopoverViewController.h */ = {isa = PBXFileReference; fileEncoding = 4; lastKnownFileType = sourcecode.c.h; path = PopoverViewController.h; sourceTree = "<group>"; };
		27138ED616378F2700694D4F /* PopoverViewController.m */ = {isa = PBXFileReference; fileEncoding = 4; lastKnownFileType = sourcecode.c.objc; path = PopoverViewController.m; sourceTree = "<group>"; };
		27138ED716378F2700694D4F /* PopoverView.h */ = {isa = PBXFileReference; fileEncoding = 4; lastKnownFileType = sourcecode.c.h; path = PopoverView.h; sourceTree = "<group>"; };
		27138ED816378F2700694D4F /* PopoverView.m */ = {isa = PBXFileReference; fileEncoding = 4; lastKnownFileType = sourcecode.c.objc; path = PopoverView.m; sourceTree = "<group>"; };
		27138EE71638CDB300694D4F /* DetailView.h */ = {isa = PBXFileReference; fileEncoding = 4; lastKnownFileType = sourcecode.c.h; path = DetailView.h; sourceTree = "<group>"; };
		27138EE81638CDB300694D4F /* DetailView.m */ = {isa = PBXFileReference; fileEncoding = 4; lastKnownFileType = sourcecode.c.objc; path = DetailView.m; sourceTree = "<group>"; };
		27138EEC1638CDC600694D4F /* CKInputSeparator.h */ = {isa = PBXFileReference; fileEncoding = 4; lastKnownFileType = sourcecode.c.h; path = CKInputSeparator.h; sourceTree = "<group>"; };
		27138EED1638CDC600694D4F /* CKInputSeparator.m */ = {isa = PBXFileReference; fileEncoding = 4; lastKnownFileType = sourcecode.c.objc; path = CKInputSeparator.m; sourceTree = "<group>"; };
		2739578C15D2344100936339 /* status.png */ = {isa = PBXFileReference; lastKnownFileType = image.png; path = status.png; sourceTree = "<group>"; };
		274D907A15BB2E2D002C168A /* libChattaKit.a */ = {isa = PBXFileReference; lastKnownFileType = archive.ar; name = libChattaKit.a; path = "../../../Library/Developer/Xcode/DerivedData/chatta-fmqjzekevcvcawcwydtxhxcpyluh/Build/Products/Debug/libChattaKit.a"; sourceTree = "<group>"; };
		27623A1915E0AA8A0020789D /* chatta_base.icns */ = {isa = PBXFileReference; lastKnownFileType = image.icns; path = chatta_base.icns; sourceTree = "<group>"; };
		2774A48E15B5139B00D45B47 /* ContactPopoverViewController.h */ = {isa = PBXFileReference; fileEncoding = 4; lastKnownFileType = sourcecode.c.h; path = ContactPopoverViewController.h; sourceTree = "<group>"; };
		2774A48F15B5139B00D45B47 /* ContactPopoverViewController.m */ = {isa = PBXFileReference; fileEncoding = 4; lastKnownFileType = sourcecode.c.objc; path = ContactPopoverViewController.m; sourceTree = "<group>"; };
		2774A49015B5139B00D45B47 /* ContactPopoverViewController.xib */ = {isa = PBXFileReference; fileEncoding = 4; lastKnownFileType = file.xib; path = ContactPopoverViewController.xib; sourceTree = "<group>"; };
		279021F51636283E00A64F24 /* NSColor+CKAdditions.h */ = {isa = PBXFileReference; fileEncoding = 4; lastKnownFileType = sourcecode.c.h; path = "NSColor+CKAdditions.h"; sourceTree = "<group>"; };
		279021F61636283E00A64F24 /* NSColor+CKAdditions.m */ = {isa = PBXFileReference; fileEncoding = 4; lastKnownFileType = sourcecode.c.objc; path = "NSColor+CKAdditions.m"; sourceTree = "<group>"; };
		279021F81636297C00A64F24 /* ConfigureWindowController.h */ = {isa = PBXFileReference; fileEncoding = 4; lastKnownFileType = sourcecode.c.h; path = ConfigureWindowController.h; sourceTree = "<group>"; };
		279021F91636297D00A64F24 /* ConfigureWindowController.m */ = {isa = PBXFileReference; fileEncoding = 4; lastKnownFileType = sourcecode.c.objc; path = ConfigureWindowController.m; sourceTree = "<group>"; };
		279021FA1636297D00A64F24 /* ConfigureView.h */ = {isa = PBXFileReference; fileEncoding = 4; lastKnownFileType = sourcecode.c.h; path = ConfigureView.h; sourceTree = "<group>"; };
		279021FB1636297D00A64F24 /* ConfigureView.m */ = {isa = PBXFileReference; fileEncoding = 4; lastKnownFileType = sourcecode.c.objc; path = ConfigureView.m; sourceTree = "<group>"; };
		279021FF16362A1E00A64F24 /* CKLabel.h */ = {isa = PBXFileReference; fileEncoding = 4; lastKnownFileType = sourcecode.c.h; path = CKLabel.h; sourceTree = "<group>"; };
		2790220016362A1E00A64F24 /* CKLabel.m */ = {isa = PBXFileReference; fileEncoding = 4; lastKnownFileType = sourcecode.c.objc; path = CKLabel.m; sourceTree = "<group>"; };
		2790220D16378A0900A64F24 /* light_noise.png */ = {isa = PBXFileReference; lastKnownFileType = image.png; path = light_noise.png; sourceTree = "<group>"; };
		2790221516378BD000A64F24 /* CKTableHeaderCell.h */ = {isa = PBXFileReference; fileEncoding = 4; lastKnownFileType = sourcecode.c.h; path = CKTableHeaderCell.h; sourceTree = "<group>"; };
		2790221616378BD000A64F24 /* CKTableHeaderCell.m */ = {isa = PBXFileReference; fileEncoding = 4; lastKnownFileType = sourcecode.c.objc; path = CKTableHeaderCell.m; sourceTree = "<group>"; };
		2790221816378D1700A64F24 /* CKTableRowView.h */ = {isa = PBXFileReference; fileEncoding = 4; lastKnownFileType = sourcecode.c.h; path = CKTableRowView.h; sourceTree = "<group>"; };
		2790221916378D1700A64F24 /* CKTableRowView.m */ = {isa = PBXFileReference; fileEncoding = 4; lastKnownFileType = sourcecode.c.objc; path = CKTableRowView.m; sourceTree = "<group>"; };
		2790221A16378D1700A64F24 /* CKTableCellView.h */ = {isa = PBXFileReference; fileEncoding = 4; lastKnownFileType = sourcecode.c.h; path = CKTableCellView.h; sourceTree = "<group>"; };
		2790221B16378D1700A64F24 /* CKTableCellView.m */ = {isa = PBXFileReference; fileEncoding = 4; lastKnownFileType = sourcecode.c.objc; path = CKTableCellView.m; sourceTree = "<group>"; };
		279200BF15B7D50C006CC188 /* CKPhoneNumberFormatter.h */ = {isa = PBXFileReference; fileEncoding = 4; lastKnownFileType = sourcecode.c.h; path = CKPhoneNumberFormatter.h; sourceTree = "<group>"; };
		279200C015B7D50C006CC188 /* CKPhoneNumberFormatter.m */ = {isa = PBXFileReference; fileEncoding = 4; lastKnownFileType = sourcecode.c.objc; path = CKPhoneNumberFormatter.m; sourceTree = "<group>"; };
		279200C315B7D520006CC188 /* CKEmailAddressFormatter.h */ = {isa = PBXFileReference; fileEncoding = 4; lastKnownFileType = sourcecode.c.h; path = CKEmailAddressFormatter.h; sourceTree = "<group>"; };
		279200C415B7D520006CC188 /* CKEmailAddressFormatter.m */ = {isa = PBXFileReference; fileEncoding = 4; lastKnownFileType = sourcecode.c.objc; path = CKEmailAddressFormatter.m; sourceTree = "<group>"; };
		2792010415B9272D006CC188 /* Cookie-Regular.ttf */ = {isa = PBXFileReference; lastKnownFileType = file; path = "Cookie-Regular.ttf"; sourceTree = "<group>"; };
		27942F5515DF65DD00C88A30 /* chatta_new_message.wav */ = {isa = PBXFileReference; lastKnownFileType = audio.wav; path = chatta_new_message.wav; sourceTree = "<group>"; };
		279F50871638D65B00F5DC25 /* NSFont+CKAdditions.h */ = {isa = PBXFileReference; fileEncoding = 4; lastKnownFileType = sourcecode.c.h; path = "NSFont+CKAdditions.h"; sourceTree = "<group>"; };
		279F50881638D65B00F5DC25 /* NSFont+CKAdditions.m */ = {isa = PBXFileReference; fileEncoding = 4; lastKnownFileType = sourcecode.c.objc; path = "NSFont+CKAdditions.m"; sourceTree = "<group>"; };
		27A2F3D915B66C08000843FB /* SettingsPopoverViewController.h */ = {isa = PBXFileReference; fileEncoding = 4; lastKnownFileType = sourcecode.c.h; path = SettingsPopoverViewController.h; sourceTree = "<group>"; };
		27A2F3DA15B66C08000843FB /* SettingsPopoverViewController.m */ = {isa = PBXFileReference; fileEncoding = 4; lastKnownFileType = sourcecode.c.objc; path = SettingsPopoverViewController.m; sourceTree = "<group>"; };
		27A2F3DB15B66C08000843FB /* SettingsPopoverViewController.xib */ = {isa = PBXFileReference; fileEncoding = 4; lastKnownFileType = file.xib; path = SettingsPopoverViewController.xib; sourceTree = "<group>"; };
		27A6484615DA28B800596713 /* libtidy.dylib */ = {isa = PBXFileReference; lastKnownFileType = "compiled.mach-o.dylib"; name = libtidy.dylib; path = usr/lib/libtidy.dylib; sourceTree = SDKROOT; };
		27AB338E163DBBEF002556DD /* NSSound+CKAdditions.h */ = {isa = PBXFileReference; fileEncoding = 4; lastKnownFileType = sourcecode.c.h; path = "NSSound+CKAdditions.h"; sourceTree = "<group>"; };
		27AB338F163DBBEF002556DD /* NSSound+CKAdditions.m */ = {isa = PBXFileReference; fileEncoding = 4; lastKnownFileType = sourcecode.c.objc; path = "NSSound+CKAdditions.m"; sourceTree = "<group>"; };
		27AB33BA163EFBA9002556DD /* dark_noise.png */ = {isa = PBXFileReference; lastKnownFileType = image.png; path = dark_noise.png; sourceTree = "<group>"; };
		27AB33C2163EFDB2002556DD /* medium_noise.png */ = {isa = PBXFileReference; lastKnownFileType = image.png; path = medium_noise.png; sourceTree = "<group>"; };
		27B5282215E0A01200A6EA17 /* DetailViewCacheItem.h */ = {isa = PBXFileReference; fileEncoding = 4; lastKnownFileType = sourcecode.c.h; path = DetailViewCacheItem.h; sourceTree = "<group>"; };
		27B5282315E0A01200A6EA17 /* DetailViewCacheItem.m */ = {isa = PBXFileReference; fileEncoding = 4; lastKnownFileType = sourcecode.c.objc; path = DetailViewCacheItem.m; sourceTree = "<group>"; };
		27BAF56015C602EC009B12F3 /* CKTableView.h */ = {isa = PBXFileReference; fileEncoding = 4; lastKnownFileType = sourcecode.c.h; path = CKTableView.h; sourceTree = "<group>"; };
		27BAF56115C602EC009B12F3 /* CKTableView.m */ = {isa = PBXFileReference; fileEncoding = 4; lastKnownFileType = sourcecode.c.objc; path = CKTableView.m; sourceTree = "<group>"; };
		27D74F3B15BE6AEF009F522A /* CKView.h */ = {isa = PBXFileReference; fileEncoding = 4; lastKnownFileType = sourcecode.c.h; path = CKView.h; sourceTree = "<group>"; };
		27D74F3C15BE6AEF009F522A /* CKView.m */ = {isa = PBXFileReference; fileEncoding = 4; lastKnownFileType = sourcecode.c.objc; path = CKView.m; sourceTree = "<group>"; };
		27D74F5F15BF9624009F522A /* CKProgressIndicator.h */ = {isa = PBXFileReference; fileEncoding = 4; lastKnownFileType = sourcecode.c.h; path = CKProgressIndicator.h; sourceTree = "<group>"; };
		27D74F6015BF9624009F522A /* CKProgressIndicator.m */ = {isa = PBXFileReference; fileEncoding = 4; lastKnownFileType = sourcecode.c.objc; path = CKProgressIndicator.m; sourceTree = "<group>"; };
		27DA222415ABCBBA00CEB105 /* chatta-osx.app */ = {isa = PBXFileReference; explicitFileType = wrapper.application; includeInIndex = 0; path = "chatta-osx.app"; sourceTree = BUILT_PRODUCTS_DIR; };
		27DA222815ABCBBA00CEB105 /* Cocoa.framework */ = {isa = PBXFileReference; lastKnownFileType = wrapper.framework; name = Cocoa.framework; path = System/Library/Frameworks/Cocoa.framework; sourceTree = SDKROOT; };
		27DA222B15ABCBBA00CEB105 /* AppKit.framework */ = {isa = PBXFileReference; lastKnownFileType = wrapper.framework; name = AppKit.framework; path = System/Library/Frameworks/AppKit.framework; sourceTree = SDKROOT; };
		27DA222C15ABCBBA00CEB105 /* CoreData.framework */ = {isa = PBXFileReference; lastKnownFileType = wrapper.framework; name = CoreData.framework; path = System/Library/Frameworks/CoreData.framework; sourceTree = SDKROOT; };
		27DA222D15ABCBBA00CEB105 /* Foundation.framework */ = {isa = PBXFileReference; lastKnownFileType = wrapper.framework; name = Foundation.framework; path = System/Library/Frameworks/Foundation.framework; sourceTree = SDKROOT; };
		27DA223015ABCBBA00CEB105 /* chatta-osx-Info.plist */ = {isa = PBXFileReference; lastKnownFileType = text.plist.xml; path = "chatta-osx-Info.plist"; sourceTree = "<group>"; };
		27DA223215ABCBBA00CEB105 /* en */ = {isa = PBXFileReference; lastKnownFileType = text.plist.strings; name = en; path = en.lproj/InfoPlist.strings; sourceTree = "<group>"; };
		27DA223415ABCBBA00CEB105 /* main.m */ = {isa = PBXFileReference; lastKnownFileType = sourcecode.c.objc; path = main.m; sourceTree = "<group>"; };
		27DA223615ABCBBA00CEB105 /* chatta-osx-Prefix.pch */ = {isa = PBXFileReference; lastKnownFileType = sourcecode.c.h; path = "chatta-osx-Prefix.pch"; sourceTree = "<group>"; };
		27DA223815ABCBBA00CEB105 /* en */ = {isa = PBXFileReference; lastKnownFileType = text.rtf; name = en; path = en.lproj/Credits.rtf; sourceTree = "<group>"; };
		27DA223A15ABCBBA00CEB105 /* AppDelegate.h */ = {isa = PBXFileReference; lastKnownFileType = sourcecode.c.h; path = AppDelegate.h; sourceTree = "<group>"; };
		27DA223B15ABCBBA00CEB105 /* AppDelegate.m */ = {isa = PBXFileReference; lastKnownFileType = sourcecode.c.objc; path = AppDelegate.m; sourceTree = "<group>"; };
		27DA223E15ABCBBA00CEB105 /* en */ = {isa = PBXFileReference; lastKnownFileType = file.xib; name = en; path = en.lproj/MainMenu.xib; sourceTree = "<group>"; };
		27DA224715ABCCB700CEB105 /* DetailViewController.h */ = {isa = PBXFileReference; fileEncoding = 4; lastKnownFileType = sourcecode.c.h; path = DetailViewController.h; sourceTree = "<group>"; };
		27DA224815ABCCB700CEB105 /* DetailViewController.m */ = {isa = PBXFileReference; fileEncoding = 4; lastKnownFileType = sourcecode.c.objc; path = DetailViewController.m; sourceTree = "<group>"; };
		27DA224915ABCCB700CEB105 /* DetailViewController.xib */ = {isa = PBXFileReference; fileEncoding = 4; lastKnownFileType = file.xib; path = DetailViewController.xib; sourceTree = "<group>"; };
		27DA224C15ABCCE200CEB105 /* MasterViewController.h */ = {isa = PBXFileReference; fileEncoding = 4; lastKnownFileType = sourcecode.c.h; path = MasterViewController.h; sourceTree = "<group>"; };
		27DA224D15ABCCE200CEB105 /* MasterViewController.m */ = {isa = PBXFileReference; fileEncoding = 4; lastKnownFileType = sourcecode.c.objc; path = MasterViewController.m; sourceTree = "<group>"; };
		27DA224E15ABCCE200CEB105 /* MasterViewController.xib */ = {isa = PBXFileReference; fileEncoding = 4; lastKnownFileType = file.xib; path = MasterViewController.xib; sourceTree = "<group>"; };
		27DA225515ABCD3E00CEB105 /* RootWindowController.h */ = {isa = PBXFileReference; fileEncoding = 4; lastKnownFileType = sourcecode.c.h; path = RootWindowController.h; sourceTree = "<group>"; };
		27DA225615ABCD3E00CEB105 /* RootWindowController.m */ = {isa = PBXFileReference; fileEncoding = 4; lastKnownFileType = sourcecode.c.objc; path = RootWindowController.m; sourceTree = "<group>"; };
		27DA226415ABD34000CEB105 /* RootWindow.xib */ = {isa = PBXFileReference; fileEncoding = 4; lastKnownFileType = file.xib; path = RootWindow.xib; sourceTree = "<group>"; };
		27E3F51115F0030E0060881A /* AddressBook.framework */ = {isa = PBXFileReference; lastKnownFileType = wrapper.framework; name = AddressBook.framework; path = System/Library/Frameworks/AddressBook.framework; sourceTree = SDKROOT; };
		27E95B9115D0BC34008C7D68 /* CKTextView.h */ = {isa = PBXFileReference; fileEncoding = 4; lastKnownFileType = sourcecode.c.h; path = CKTextView.h; sourceTree = "<group>"; };
		27E95B9215D0BC34008C7D68 /* CKTextView.m */ = {isa = PBXFileReference; fileEncoding = 4; lastKnownFileType = sourcecode.c.objc; path = CKTextView.m; sourceTree = "<group>"; };
		27E95B9515D0C2D5008C7D68 /* CKScrollView.h */ = {isa = PBXFileReference; fileEncoding = 4; lastKnownFileType = sourcecode.c.h; path = CKScrollView.h; sourceTree = "<group>"; };
		27E95B9615D0C2D5008C7D68 /* CKScrollView.m */ = {isa = PBXFileReference; fileEncoding = 4; lastKnownFileType = sourcecode.c.objc; path = CKScrollView.m; sourceTree = "<group>"; };
		27FAA82315AE7C8300C1C75E /* ConfigureViewController.h */ = {isa = PBXFileReference; fileEncoding = 4; lastKnownFileType = sourcecode.c.h; path = ConfigureViewController.h; sourceTree = "<group>"; };
		27FAA82415AE7C8300C1C75E /* ConfigureViewController.m */ = {isa = PBXFileReference; fileEncoding = 4; lastKnownFileType = sourcecode.c.objc; path = ConfigureViewController.m; sourceTree = "<group>"; };
		27FAA82515AE7C8300C1C75E /* ConfigureViewController.xib */ = {isa = PBXFileReference; fileEncoding = 4; lastKnownFileType = file.xib; path = ConfigureViewController.xib; sourceTree = "<group>"; };
/* End PBXFileReference section */

/* Begin PBXFrameworksBuildPhase section */
		27DA222115ABCBBA00CEB105 /* Frameworks */ = {
			isa = PBXFrameworksBuildPhase;
			buildActionMask = 2147483647;
			files = (
				27A6484715DA28B800596713 /* libtidy.dylib in Frameworks */,
				274D907B15BB2E2D002C168A /* libChattaKit.a in Frameworks */,
				2774A42B15B34F9700D45B47 /* QuartzCore.framework in Frameworks */,
				27DA222915ABCBBA00CEB105 /* Cocoa.framework in Frameworks */,
				27E3F51215F0030E0060881A /* AddressBook.framework in Frameworks */,
			);
			runOnlyForDeploymentPostprocessing = 0;
		};
/* End PBXFrameworksBuildPhase section */

/* Begin PBXGroup section */
		27138EDB16378F2B00694D4F /* PopoverViewControllers */ = {
			isa = PBXGroup;
			children = (
				27138ED516378F2700694D4F /* PopoverViewController.h */,
				27138ED616378F2700694D4F /* PopoverViewController.m */,
				27138ED716378F2700694D4F /* PopoverView.h */,
				27138ED816378F2700694D4F /* PopoverView.m */,
			);
			name = PopoverViewControllers;
			sourceTree = "<group>";
		};
		279021F31636281C00A64F24 /* Categories */ = {
			isa = PBXGroup;
			children = (
				279F50871638D65B00F5DC25 /* NSFont+CKAdditions.h */,
				279F50881638D65B00F5DC25 /* NSFont+CKAdditions.m */,
				279021F51636283E00A64F24 /* NSColor+CKAdditions.h */,
				279021F61636283E00A64F24 /* NSColor+CKAdditions.m */,
				27AB338E163DBBEF002556DD /* NSSound+CKAdditions.h */,
				27AB338F163DBBEF002556DD /* NSSound+CKAdditions.m */,
			);
			name = Categories;
			sourceTree = "<group>";
		};
		279021FE1636299300A64F24 /* ConfigureWindowController */ = {
			isa = PBXGroup;
			children = (
				279021F81636297C00A64F24 /* ConfigureWindowController.h */,
				279021F91636297D00A64F24 /* ConfigureWindowController.m */,
				279021FA1636297D00A64F24 /* ConfigureView.h */,
				279021FB1636297D00A64F24 /* ConfigureView.m */,
			);
			name = ConfigureWindowController;
			sourceTree = "<group>";
		};
		2790221416378A0D00A64F24 /* Images */ = {
			isa = PBXGroup;
			children = (
				2790220D16378A0900A64F24 /* light_noise.png */,
				27AB33C2163EFDB2002556DD /* medium_noise.png */,
				27AB33BA163EFBA9002556DD /* dark_noise.png */,
			);
			name = Images;
			sourceTree = "<group>";
		};
		2790221E16378D1E00A64F24 /* Table Views */ = {
			isa = PBXGroup;
			children = (
				27BAF56015C602EC009B12F3 /* CKTableView.h */,
				27BAF56115C602EC009B12F3 /* CKTableView.m */,
				2790221A16378D1700A64F24 /* CKTableCellView.h */,
				2790221B16378D1700A64F24 /* CKTableCellView.m */,
				2790221816378D1700A64F24 /* CKTableRowView.h */,
				2790221916378D1700A64F24 /* CKTableRowView.m */,
				2790221516378BD000A64F24 /* CKTableHeaderCell.h */,
				2790221616378BD000A64F24 /* CKTableHeaderCell.m */,
			);
			name = "Table Views";
			sourceTree = "<group>";
		};
		279200C615B7D525006CC188 /* Formatters */ = {
			isa = PBXGroup;
			children = (
				279200BF15B7D50C006CC188 /* CKPhoneNumberFormatter.h */,
				279200C015B7D50C006CC188 /* CKPhoneNumberFormatter.m */,
				279200C315B7D520006CC188 /* CKEmailAddressFormatter.h */,
				279200C415B7D520006CC188 /* CKEmailAddressFormatter.m */,
			);
			name = Formatters;
			sourceTree = "<group>";
		};
		27D74F6315BF9634009F522A /* CustomViews */ = {
			isa = PBXGroup;
			children = (
				2790221E16378D1E00A64F24 /* Table Views */,
				27D74F3B15BE6AEF009F522A /* CKView.h */,
				27D74F3C15BE6AEF009F522A /* CKView.m */,
				279021FF16362A1E00A64F24 /* CKLabel.h */,
				2790220016362A1E00A64F24 /* CKLabel.m */,
				27E95B9115D0BC34008C7D68 /* CKTextView.h */,
				27E95B9215D0BC34008C7D68 /* CKTextView.m */,
				27E95B9515D0C2D5008C7D68 /* CKScrollView.h */,
				27E95B9615D0C2D5008C7D68 /* CKScrollView.m */,
				27138EEC1638CDC600694D4F /* CKInputSeparator.h */,
				27138EED1638CDC600694D4F /* CKInputSeparator.m */,
				27D74F5F15BF9624009F522A /* CKProgressIndicator.h */,
				27D74F6015BF9624009F522A /* CKProgressIndicator.m */,
			);
			name = CustomViews;
			sourceTree = "<group>";
		};
		27DA221915ABCBBA00CEB105 = {
			isa = PBXGroup;
			children = (
				27E3F51115F0030E0060881A /* AddressBook.framework */,
				27623A1915E0AA8A0020789D /* chatta_base.icns */,
				27A6484615DA28B800596713 /* libtidy.dylib */,
				274D907A15BB2E2D002C168A /* libChattaKit.a */,
				2712B37C15B263D000D73FEA /* QuartzCore.framework */,
				27DA222E15ABCBBA00CEB105 /* chatta-osx */,
				27DA222715ABCBBA00CEB105 /* Frameworks */,
				27DA222515ABCBBA00CEB105 /* Products */,
			);
			sourceTree = "<group>";
		};
		27DA222515ABCBBA00CEB105 /* Products */ = {
			isa = PBXGroup;
			children = (
				27DA222415ABCBBA00CEB105 /* chatta-osx.app */,
			);
			name = Products;
			sourceTree = "<group>";
		};
		27DA222715ABCBBA00CEB105 /* Frameworks */ = {
			isa = PBXGroup;
			children = (
				27DA222815ABCBBA00CEB105 /* Cocoa.framework */,
				27DA222A15ABCBBA00CEB105 /* Other Frameworks */,
			);
			name = Frameworks;
			sourceTree = "<group>";
		};
		27DA222A15ABCBBA00CEB105 /* Other Frameworks */ = {
			isa = PBXGroup;
			children = (
				27DA222B15ABCBBA00CEB105 /* AppKit.framework */,
				27DA222C15ABCBBA00CEB105 /* CoreData.framework */,
				27DA222D15ABCBBA00CEB105 /* Foundation.framework */,
			);
			name = "Other Frameworks";
			sourceTree = "<group>";
		};
		27DA222E15ABCBBA00CEB105 /* chatta-osx */ = {
			isa = PBXGroup;
			children = (
				27DA223A15ABCBBA00CEB105 /* AppDelegate.h */,
				27DA223B15ABCBBA00CEB105 /* AppDelegate.m */,
				27DA223D15ABCBBA00CEB105 /* MainMenu.xib */,
				279021F31636281C00A64F24 /* Categories */,
				27D74F6315BF9634009F522A /* CustomViews */,
				27FAA84A15AFCE4000C1C75E /* RootViewControllers */,
				27FAA84815AFCDFA00C1C75E /* MasterViewControllers */,
				27FAA84915AFCE2900C1C75E /* DetailViewControllers */,
				279021FE1636299300A64F24 /* ConfigureWindowController */,
				27138EDB16378F2B00694D4F /* PopoverViewControllers */,
				279200C615B7D525006CC188 /* Formatters */,
				27DA222F15ABCBBA00CEB105 /* Supporting Files */,
			);
			path = "chatta-osx";
			sourceTree = "<group>";
		};
		27DA222F15ABCBBA00CEB105 /* Supporting Files */ = {
			isa = PBXGroup;
			children = (
				2790221416378A0D00A64F24 /* Images */,
				2792010415B9272D006CC188 /* Cookie-Regular.ttf */,
				27942F5515DF65DD00C88A30 /* chatta_new_message.wav */,
				2712B39915B26C0C00D73FEA /* background.png */,
				2739578C15D2344100936339 /* status.png */,
				27DA223015ABCBBA00CEB105 /* chatta-osx-Info.plist */,
				27DA223115ABCBBA00CEB105 /* InfoPlist.strings */,
				27DA223415ABCBBA00CEB105 /* main.m */,
				27DA223615ABCBBA00CEB105 /* chatta-osx-Prefix.pch */,
				27DA223715ABCBBA00CEB105 /* Credits.rtf */,
			);
			name = "Supporting Files";
			sourceTree = "<group>";
		};
		27FAA84815AFCDFA00C1C75E /* MasterViewControllers */ = {
			isa = PBXGroup;
			children = (
				27DA224C15ABCCE200CEB105 /* MasterViewController.h */,
				27DA224D15ABCCE200CEB105 /* MasterViewController.m */,
				2774A48E15B5139B00D45B47 /* ContactPopoverViewController.h */,
				2774A48F15B5139B00D45B47 /* ContactPopoverViewController.m */,
				27A2F3D915B66C08000843FB /* SettingsPopoverViewController.h */,
				27A2F3DA15B66C08000843FB /* SettingsPopoverViewController.m */,
				27DA224E15ABCCE200CEB105 /* MasterViewController.xib */,
				2774A49015B5139B00D45B47 /* ContactPopoverViewController.xib */,
				27A2F3DB15B66C08000843FB /* SettingsPopoverViewController.xib */,
			);
			name = MasterViewControllers;
			sourceTree = "<group>";
		};
		27FAA84915AFCE2900C1C75E /* DetailViewControllers */ = {
			isa = PBXGroup;
			children = (
				27DA224715ABCCB700CEB105 /* DetailViewController.h */,
				27DA224815ABCCB700CEB105 /* DetailViewController.m */,
				27138EE71638CDB300694D4F /* DetailView.h */,
				27138EE81638CDB300694D4F /* DetailView.m */,
				27B5282215E0A01200A6EA17 /* DetailViewCacheItem.h */,
				27B5282315E0A01200A6EA17 /* DetailViewCacheItem.m */,
				27DA224915ABCCB700CEB105 /* DetailViewController.xib */,
			);
			name = DetailViewControllers;
			sourceTree = "<group>";
		};
		27FAA84A15AFCE4000C1C75E /* RootViewControllers */ = {
			isa = PBXGroup;
			children = (
				27DA225515ABCD3E00CEB105 /* RootWindowController.h */,
				27DA225615ABCD3E00CEB105 /* RootWindowController.m */,
				27FAA82315AE7C8300C1C75E /* ConfigureViewController.h */,
				27FAA82415AE7C8300C1C75E /* ConfigureViewController.m */,
				2700383C15CA2A8E00F2320C /* CKPersistence.h */,
				2700383D15CA2A8E00F2320C /* CKPersistence.m */,
				27DA226415ABD34000CEB105 /* RootWindow.xib */,
				27FAA82515AE7C8300C1C75E /* ConfigureViewController.xib */,
			);
			name = RootViewControllers;
			sourceTree = "<group>";
		};
/* End PBXGroup section */

/* Begin PBXNativeTarget section */
		27DA222315ABCBBA00CEB105 /* chatta-osx */ = {
			isa = PBXNativeTarget;
			buildConfigurationList = 27DA224215ABCBBA00CEB105 /* Build configuration list for PBXNativeTarget "chatta-osx" */;
			buildPhases = (
				27DA222015ABCBBA00CEB105 /* Sources */,
				27DA222115ABCBBA00CEB105 /* Frameworks */,
				27DA222215ABCBBA00CEB105 /* Resources */,
				2792010215B926CB006CC188 /* Copy Files */,
			);
			buildRules = (
			);
			dependencies = (
			);
			name = "chatta-osx";
			productName = "chatta-osx";
			productReference = 27DA222415ABCBBA00CEB105 /* chatta-osx.app */;
			productType = "com.apple.product-type.application";
		};
/* End PBXNativeTarget section */

/* Begin PBXProject section */
		27DA221B15ABCBBA00CEB105 /* Project object */ = {
			isa = PBXProject;
			attributes = {
				LastUpgradeCheck = 0440;
			};
			buildConfigurationList = 27DA221E15ABCBBA00CEB105 /* Build configuration list for PBXProject "chatta-osx" */;
			compatibilityVersion = "Xcode 3.2";
			developmentRegion = English;
			hasScannedForEncodings = 0;
			knownRegions = (
				en,
			);
			mainGroup = 27DA221915ABCBBA00CEB105;
			productRefGroup = 27DA222515ABCBBA00CEB105 /* Products */;
			projectDirPath = "";
			projectRoot = "";
			targets = (
				27DA222315ABCBBA00CEB105 /* chatta-osx */,
			);
		};
/* End PBXProject section */

/* Begin PBXResourcesBuildPhase section */
		27DA222215ABCBBA00CEB105 /* Resources */ = {
			isa = PBXResourcesBuildPhase;
			buildActionMask = 2147483647;
			files = (
				27DA223315ABCBBA00CEB105 /* InfoPlist.strings in Resources */,
				27DA223915ABCBBA00CEB105 /* Credits.rtf in Resources */,
				27DA223F15ABCBBA00CEB105 /* MainMenu.xib in Resources */,
				27DA224B15ABCCB700CEB105 /* DetailViewController.xib in Resources */,
				27DA225015ABCCE200CEB105 /* MasterViewController.xib in Resources */,
				27DA226515ABD34000CEB105 /* RootWindow.xib in Resources */,
				27FAA82715AE7C8300C1C75E /* ConfigureViewController.xib in Resources */,
				2712B39A15B26C0C00D73FEA /* background.png in Resources */,
				2774A49215B5139C00D45B47 /* ContactPopoverViewController.xib in Resources */,
				27A2F3DD15B66C08000843FB /* SettingsPopoverViewController.xib in Resources */,
				2792010515B9272D006CC188 /* Cookie-Regular.ttf in Resources */,
				2739578D15D2344100936339 /* status.png in Resources */,
				27942F5615DF65DD00C88A30 /* chatta_new_message.wav in Resources */,
				27623A1A15E0AA8B0020789D /* chatta_base.icns in Resources */,
				2790221016378A0900A64F24 /* light_noise.png in Resources */,
				27AB33BB163EFBA9002556DD /* dark_noise.png in Resources */,
				27AB33C3163EFDB2002556DD /* medium_noise.png in Resources */,
			);
			runOnlyForDeploymentPostprocessing = 0;
		};
/* End PBXResourcesBuildPhase section */

/* Begin PBXSourcesBuildPhase section */
		27DA222015ABCBBA00CEB105 /* Sources */ = {
			isa = PBXSourcesBuildPhase;
			buildActionMask = 2147483647;
			files = (
				27DA223515ABCBBA00CEB105 /* main.m in Sources */,
				27DA223C15ABCBBA00CEB105 /* AppDelegate.m in Sources */,
				27DA224A15ABCCB700CEB105 /* DetailViewController.m in Sources */,
				27DA224F15ABCCE200CEB105 /* MasterViewController.m in Sources */,
				27DA225715ABCD3E00CEB105 /* RootWindowController.m in Sources */,
				27FAA82615AE7C8300C1C75E /* ConfigureViewController.m in Sources */,
				2774A49115B5139C00D45B47 /* ContactPopoverViewController.m in Sources */,
				27A2F3DC15B66C08000843FB /* SettingsPopoverViewController.m in Sources */,
				279200C115B7D50C006CC188 /* CKPhoneNumberFormatter.m in Sources */,
				279200C515B7D520006CC188 /* CKEmailAddressFormatter.m in Sources */,
				27D74F3D15BE6AEF009F522A /* CKView.m in Sources */,
				27D74F6115BF9624009F522A /* CKProgressIndicator.m in Sources */,
				27BAF56215C602EC009B12F3 /* CKTableView.m in Sources */,
				2700383E15CA2A8E00F2320C /* CKPersistence.m in Sources */,
				27E95B9315D0BC34008C7D68 /* CKTextView.m in Sources */,
				27E95B9715D0C2D5008C7D68 /* CKScrollView.m in Sources */,
				27B5282415E0A01200A6EA17 /* DetailViewCacheItem.m in Sources */,
				279021F71636283E00A64F24 /* NSColor+CKAdditions.m in Sources */,
				279021FC1636297D00A64F24 /* ConfigureWindowController.m in Sources */,
				279021FD1636297D00A64F24 /* ConfigureView.m in Sources */,
				2790220116362A1E00A64F24 /* CKLabel.m in Sources */,
				2790221716378BD000A64F24 /* CKTableHeaderCell.m in Sources */,
				2790221C16378D1800A64F24 /* CKTableRowView.m in Sources */,
				2790221D16378D1800A64F24 /* CKTableCellView.m in Sources */,
				27138ED916378F2700694D4F /* PopoverViewController.m in Sources */,
				27138EDA16378F2700694D4F /* PopoverView.m in Sources */,
				27138EE91638CDB300694D4F /* DetailView.m in Sources */,
				27138EEE1638CDC600694D4F /* CKInputSeparator.m in Sources */,
				279F50891638D65B00F5DC25 /* NSFont+CKAdditions.m in Sources */,
				27AB3390163DBBEF002556DD /* NSSound+CKAdditions.m in Sources */,
			);
			runOnlyForDeploymentPostprocessing = 0;
		};
/* End PBXSourcesBuildPhase section */

/* Begin PBXVariantGroup section */
		27DA223115ABCBBA00CEB105 /* InfoPlist.strings */ = {
			isa = PBXVariantGroup;
			children = (
				27DA223215ABCBBA00CEB105 /* en */,
			);
			name = InfoPlist.strings;
			sourceTree = "<group>";
		};
		27DA223715ABCBBA00CEB105 /* Credits.rtf */ = {
			isa = PBXVariantGroup;
			children = (
				27DA223815ABCBBA00CEB105 /* en */,
			);
			name = Credits.rtf;
			sourceTree = "<group>";
		};
		27DA223D15ABCBBA00CEB105 /* MainMenu.xib */ = {
			isa = PBXVariantGroup;
			children = (
				27DA223E15ABCBBA00CEB105 /* en */,
			);
			name = MainMenu.xib;
			sourceTree = "<group>";
		};
/* End PBXVariantGroup section */

/* Begin XCBuildConfiguration section */
		27DA224015ABCBBA00CEB105 /* Debug */ = {
			isa = XCBuildConfiguration;
			buildSettings = {
				ALWAYS_SEARCH_USER_PATHS = NO;
				ARCHS = "$(ARCHS_STANDARD_64_BIT)";
				CLANG_ENABLE_OBJC_ARC = YES;
				COPY_PHASE_STRIP = NO;
				GCC_C_LANGUAGE_STANDARD = gnu99;
				GCC_DYNAMIC_NO_PIC = NO;
				GCC_ENABLE_OBJC_EXCEPTIONS = YES;
				GCC_OPTIMIZATION_LEVEL = 0;
				GCC_PREPROCESSOR_DEFINITIONS = (
					"DEBUG=1",
					"$(inherited)",
				);
				GCC_SYMBOLS_PRIVATE_EXTERN = NO;
				GCC_VERSION = com.apple.compilers.llvm.clang.1_0;
				GCC_WARN_64_TO_32_BIT_CONVERSION = YES;
				GCC_WARN_ABOUT_MISSING_PROTOTYPES = YES;
				GCC_WARN_ABOUT_RETURN_TYPE = YES;
				GCC_WARN_UNUSED_VARIABLE = YES;
				MACOSX_DEPLOYMENT_TARGET = 10.7;
				ONLY_ACTIVE_ARCH = YES;
				SDKROOT = macosx10.7;
			};
			name = Debug;
		};
		27DA224115ABCBBA00CEB105 /* Release */ = {
			isa = XCBuildConfiguration;
			buildSettings = {
				ALWAYS_SEARCH_USER_PATHS = NO;
				ARCHS = "$(ARCHS_STANDARD_64_BIT)";
				CLANG_ENABLE_OBJC_ARC = YES;
				COPY_PHASE_STRIP = YES;
				DEBUG_INFORMATION_FORMAT = "dwarf-with-dsym";
				GCC_C_LANGUAGE_STANDARD = gnu99;
				GCC_ENABLE_OBJC_EXCEPTIONS = YES;
				GCC_VERSION = com.apple.compilers.llvm.clang.1_0;
				GCC_WARN_64_TO_32_BIT_CONVERSION = YES;
				GCC_WARN_ABOUT_MISSING_PROTOTYPES = YES;
				GCC_WARN_ABOUT_RETURN_TYPE = YES;
				GCC_WARN_UNUSED_VARIABLE = YES;
				MACOSX_DEPLOYMENT_TARGET = 10.7;
				SDKROOT = macosx10.7;
			};
			name = Release;
		};
		27DA224315ABCBBA00CEB105 /* Debug */ = {
			isa = XCBuildConfiguration;
			buildSettings = {
				COMBINE_HIDPI_IMAGES = YES;
				GCC_PRECOMPILE_PREFIX_HEADER = YES;
				GCC_PREFIX_HEADER = "chatta-osx/chatta-osx-Prefix.pch";
				INFOPLIST_FILE = "chatta-osx/chatta-osx-Info.plist";
				LIBRARY_SEARCH_PATHS = (
					"$(inherited)",
					"\"$(SRCROOT)/../../../Library/Developer/Xcode/DerivedData/chatta-fmqjzekevcvcawcwydtxhxcpyluh/Build/Products/Debug\"",
				);
				OTHER_LDFLAGS = (
					"-lxml2",
					"-ObjC",
					"-ltidy",
				);
				PRODUCT_NAME = "$(TARGET_NAME)";
				SDKROOT = macosx10.7;
				USER_HEADER_SEARCH_PATHS = "$(BUILT_PRODUCTS_DIR)/**";
				WRAPPER_EXTENSION = app;
			};
			name = Debug;
		};
		27DA224415ABCBBA00CEB105 /* Release */ = {
			isa = XCBuildConfiguration;
			buildSettings = {
				COMBINE_HIDPI_IMAGES = YES;
				GCC_PRECOMPILE_PREFIX_HEADER = YES;
				GCC_PREFIX_HEADER = "chatta-osx/chatta-osx-Prefix.pch";
				INFOPLIST_FILE = "chatta-osx/chatta-osx-Info.plist";
				LIBRARY_SEARCH_PATHS = (
					"$(inherited)",
					"\"$(SRCROOT)/../../../Library/Developer/Xcode/DerivedData/chatta-fmqjzekevcvcawcwydtxhxcpyluh/Build/Products/Debug\"",
				);
				OTHER_LDFLAGS = (
					"-lxml2",
					"-ObjC",
					"-ltidy",
				);
				PRODUCT_NAME = "$(TARGET_NAME)";
				SDKROOT = macosx10.7;
				USER_HEADER_SEARCH_PATHS = "$(BUILT_PRODUCTS_DIR)/**";
				WRAPPER_EXTENSION = app;
			};
			name = Release;
		};
/* End XCBuildConfiguration section */

/* Begin XCConfigurationList section */
		27DA221E15ABCBBA00CEB105 /* Build configuration list for PBXProject "chatta-osx" */ = {
			isa = XCConfigurationList;
			buildConfigurations = (
				27DA224015ABCBBA00CEB105 /* Debug */,
				27DA224115ABCBBA00CEB105 /* Release */,
			);
			defaultConfigurationIsVisible = 0;
			defaultConfigurationName = Release;
		};
		27DA224215ABCBBA00CEB105 /* Build configuration list for PBXNativeTarget "chatta-osx" */ = {
			isa = XCConfigurationList;
			buildConfigurations = (
				27DA224315ABCBBA00CEB105 /* Debug */,
				27DA224415ABCBBA00CEB105 /* Release */,
			);
			defaultConfigurationIsVisible = 0;
			defaultConfigurationName = Release;
		};
/* End XCConfigurationList section */
	};
	rootObject = 27DA221B15ABCBBA00CEB105 /* Project object */;
}
